// !$*UTF8*$!
{
	archiveVersion = 1;
	classes = {
	};
	objectVersion = 56;
	objects = {

/* Begin PBXBuildFile section */
		5D2F334DECD5AE710376C1C1 /* Pods_Movie.framework in Frameworks */ = {isa = PBXBuildFile; fileRef = 3F1552DD24A56411269A5137 /* Pods_Movie.framework */; };
		8B08A8C529760DCB00287FDB /* Keys.plist in Resources */ = {isa = PBXBuildFile; fileRef = 8B08A8C429760DCB00287FDB /* Keys.plist */; };
		8B08A8C829771DAA00287FDB /* UIImagemView + Extension.swift in Sources */ = {isa = PBXBuildFile; fileRef = 8B08A8C729771DAA00287FDB /* UIImagemView + Extension.swift */; };
		8B2D8DD329291AA00089F86D /* AppDelegate.swift in Sources */ = {isa = PBXBuildFile; fileRef = 8B2D8DD229291AA00089F86D /* AppDelegate.swift */; };
		8B2D8DD529291AA00089F86D /* SceneDelegate.swift in Sources */ = {isa = PBXBuildFile; fileRef = 8B2D8DD429291AA00089F86D /* SceneDelegate.swift */; };
		8B2D8DD729291AA00089F86D /* PageHomeViewController.swift in Sources */ = {isa = PBXBuildFile; fileRef = 8B2D8DD629291AA00089F86D /* PageHomeViewController.swift */; };
		8B2D8DDC29291AA60089F86D /* Assets.xcassets in Resources */ = {isa = PBXBuildFile; fileRef = 8B2D8DDB29291AA60089F86D /* Assets.xcassets */; };
		8B2D8DDF29291AA60089F86D /* LaunchScreen.storyboard in Resources */ = {isa = PBXBuildFile; fileRef = 8B2D8DDD29291AA60089F86D /* LaunchScreen.storyboard */; };
		8B2D8DEC292925950089F86D /* Movie.swift in Sources */ = {isa = PBXBuildFile; fileRef = 8B2D8DEB292925950089F86D /* Movie.swift */; };
		8B2D8DEF29292CFB0089F86D /* SetupViewCode+Extension.swift in Sources */ = {isa = PBXBuildFile; fileRef = 8B2D8DEE29292CFB0089F86D /* SetupViewCode+Extension.swift */; };
		8B2D8DFE292A6CCF0089F86D /* MovieTableViewCell.swift in Sources */ = {isa = PBXBuildFile; fileRef = 8B2D8DFD292A6CCE0089F86D /* MovieTableViewCell.swift */; };
		8B2D8E00292A71B70089F86D /* FormatterDate+Extension.swift in Sources */ = {isa = PBXBuildFile; fileRef = 8B2D8DFF292A71B70089F86D /* FormatterDate+Extension.swift */; };
		8B9132E52A6209F2003EC3B0 /* PageHomeView.swift in Sources */ = {isa = PBXBuildFile; fileRef = 8B9132E42A6209F2003EC3B0 /* PageHomeView.swift */; };
		8B9132E72A647321003EC3B0 /* MovieDetailsView.swift in Sources */ = {isa = PBXBuildFile; fileRef = 8B9132E62A647321003EC3B0 /* MovieDetailsView.swift */; };
		8BB7F7A2297B55BB0076D6ED /* UIColor+Extension.swift in Sources */ = {isa = PBXBuildFile; fileRef = 8BB7F7A1297B55BB0076D6ED /* UIColor+Extension.swift */; };
		8BB7F7A4297B56BB0076D6ED /* UIView+Extension.swift in Sources */ = {isa = PBXBuildFile; fileRef = 8BB7F7A3297B56BB0076D6ED /* UIView+Extension.swift */; };
		8BB7F7A6297B5BDA0076D6ED /* NSAttributedString+Extension.swift in Sources */ = {isa = PBXBuildFile; fileRef = 8BB7F7A5297B5BDA0076D6ED /* NSAttributedString+Extension.swift */; };
		8BF445EE293399F7009694CC /* MovieDetailsViewController.swift in Sources */ = {isa = PBXBuildFile; fileRef = 8BF445ED293399F7009694CC /* MovieDetailsViewController.swift */; };
		8BF58ED5292C1FA70074F69C /* Network.swift in Sources */ = {isa = PBXBuildFile; fileRef = 8BF58ED4292C1FA70074F69C /* Network.swift */; };
/* End PBXBuildFile section */

/* Begin PBXFileReference section */
		3F1552DD24A56411269A5137 /* Pods_Movie.framework */ = {isa = PBXFileReference; explicitFileType = wrapper.framework; includeInIndex = 0; path = Pods_Movie.framework; sourceTree = BUILT_PRODUCTS_DIR; };
		8B08A8C429760DCB00287FDB /* Keys.plist */ = {isa = PBXFileReference; lastKnownFileType = text.plist.xml; path = Keys.plist; sourceTree = "<group>"; };
		8B08A8C729771DAA00287FDB /* UIImagemView + Extension.swift */ = {isa = PBXFileReference; lastKnownFileType = sourcecode.swift; path = "UIImagemView + Extension.swift"; sourceTree = "<group>"; };
		8B2D8DCF29291AA00089F86D /* Movie.app */ = {isa = PBXFileReference; explicitFileType = wrapper.application; includeInIndex = 0; path = Movie.app; sourceTree = BUILT_PRODUCTS_DIR; };
		8B2D8DD229291AA00089F86D /* AppDelegate.swift */ = {isa = PBXFileReference; lastKnownFileType = sourcecode.swift; path = AppDelegate.swift; sourceTree = "<group>"; };
		8B2D8DD429291AA00089F86D /* SceneDelegate.swift */ = {isa = PBXFileReference; lastKnownFileType = sourcecode.swift; path = SceneDelegate.swift; sourceTree = "<group>"; };
		8B2D8DD629291AA00089F86D /* PageHomeViewController.swift */ = {isa = PBXFileReference; lastKnownFileType = sourcecode.swift; path = PageHomeViewController.swift; sourceTree = "<group>"; };
		8B2D8DDB29291AA60089F86D /* Assets.xcassets */ = {isa = PBXFileReference; lastKnownFileType = folder.assetcatalog; path = Assets.xcassets; sourceTree = "<group>"; };
		8B2D8DDE29291AA60089F86D /* Base */ = {isa = PBXFileReference; lastKnownFileType = file.storyboard; name = Base; path = Base.lproj/LaunchScreen.storyboard; sourceTree = "<group>"; };
		8B2D8DE029291AA60089F86D /* Info.plist */ = {isa = PBXFileReference; lastKnownFileType = text.plist.xml; path = Info.plist; sourceTree = "<group>"; };
		8B2D8DEB292925950089F86D /* Movie.swift */ = {isa = PBXFileReference; lastKnownFileType = sourcecode.swift; path = Movie.swift; sourceTree = "<group>"; };
		8B2D8DEE29292CFB0089F86D /* SetupViewCode+Extension.swift */ = {isa = PBXFileReference; lastKnownFileType = sourcecode.swift; path = "SetupViewCode+Extension.swift"; sourceTree = "<group>"; };
		8B2D8DFD292A6CCE0089F86D /* MovieTableViewCell.swift */ = {isa = PBXFileReference; lastKnownFileType = sourcecode.swift; path = MovieTableViewCell.swift; sourceTree = "<group>"; };
		8B2D8DFF292A71B70089F86D /* FormatterDate+Extension.swift */ = {isa = PBXFileReference; lastKnownFileType = sourcecode.swift; path = "FormatterDate+Extension.swift"; sourceTree = "<group>"; };
		8B9132E42A6209F2003EC3B0 /* PageHomeView.swift */ = {isa = PBXFileReference; lastKnownFileType = sourcecode.swift; path = PageHomeView.swift; sourceTree = "<group>"; };
		8B9132E62A647321003EC3B0 /* MovieDetailsView.swift */ = {isa = PBXFileReference; lastKnownFileType = sourcecode.swift; path = MovieDetailsView.swift; sourceTree = "<group>"; };
		8BB7F7A1297B55BB0076D6ED /* UIColor+Extension.swift */ = {isa = PBXFileReference; lastKnownFileType = sourcecode.swift; path = "UIColor+Extension.swift"; sourceTree = "<group>"; };
		8BB7F7A3297B56BB0076D6ED /* UIView+Extension.swift */ = {isa = PBXFileReference; lastKnownFileType = sourcecode.swift; path = "UIView+Extension.swift"; sourceTree = "<group>"; };
		8BB7F7A5297B5BDA0076D6ED /* NSAttributedString+Extension.swift */ = {isa = PBXFileReference; lastKnownFileType = sourcecode.swift; path = "NSAttributedString+Extension.swift"; sourceTree = "<group>"; };
		8BF445ED293399F7009694CC /* MovieDetailsViewController.swift */ = {isa = PBXFileReference; lastKnownFileType = sourcecode.swift; path = MovieDetailsViewController.swift; sourceTree = "<group>"; };
		8BF58ED4292C1FA70074F69C /* Network.swift */ = {isa = PBXFileReference; lastKnownFileType = sourcecode.swift; name = Network.swift; path = Movie/Service/Network.swift; sourceTree = SOURCE_ROOT; };
		CA784E44F5951DFB2C6A54E4 /* Pods-Movie.debug.xcconfig */ = {isa = PBXFileReference; includeInIndex = 1; lastKnownFileType = text.xcconfig; name = "Pods-Movie.debug.xcconfig"; path = "Target Support Files/Pods-Movie/Pods-Movie.debug.xcconfig"; sourceTree = "<group>"; };
		F3A5BC78655C27061549EAE3 /* Pods-Movie.release.xcconfig */ = {isa = PBXFileReference; includeInIndex = 1; lastKnownFileType = text.xcconfig; name = "Pods-Movie.release.xcconfig"; path = "Target Support Files/Pods-Movie/Pods-Movie.release.xcconfig"; sourceTree = "<group>"; };
/* End PBXFileReference section */

/* Begin PBXFrameworksBuildPhase section */
		8B2D8DCC29291AA00089F86D /* Frameworks */ = {
			isa = PBXFrameworksBuildPhase;
			buildActionMask = 2147483647;
			files = (
				5D2F334DECD5AE710376C1C1 /* Pods_Movie.framework in Frameworks */,
			);
			runOnlyForDeploymentPostprocessing = 0;
		};
/* End PBXFrameworksBuildPhase section */

/* Begin PBXGroup section */
		8B08A8C62976191100287FDB /* Service */ = {
			isa = PBXGroup;
			children = (
				8BF58ED4292C1FA70074F69C /* Network.swift */,
			);
			path = Service;
			sourceTree = "<group>";
		};
		8B2D8DC629291AA00089F86D = {
			isa = PBXGroup;
			children = (
				8B2D8DD129291AA00089F86D /* Movie */,
				8B2D8DD029291AA00089F86D /* Products */,
				FFE91E30851D3E1D39E32ACC /* Pods */,
				CF52DBB46C9DAE5AE21BDA6E /* Frameworks */,
			);
			sourceTree = "<group>";
		};
		8B2D8DD029291AA00089F86D /* Products */ = {
			isa = PBXGroup;
			children = (
				8B2D8DCF29291AA00089F86D /* Movie.app */,
			);
			name = Products;
			sourceTree = "<group>";
		};
		8B2D8DD129291AA00089F86D /* Movie */ = {
			isa = PBXGroup;
			children = (
				8B08A8C62976191100287FDB /* Service */,
				8B2D8DED29292CDE0089F86D /* Extension */,
				8B2D8DE929291DFD0089F86D /* Model */,
				8B2D8DE829291DF60089F86D /* View */,
				8B2D8DE729291DE20089F86D /* Scenes */,
				8B2D8DE629291D890089F86D /* Suportive Files */,
				8B2D8DE029291AA60089F86D /* Info.plist */,
				8B08A8C429760DCB00287FDB /* Keys.plist */,
				8B2D8DDB29291AA60089F86D /* Assets.xcassets */,
			);
			path = Movie;
			sourceTree = "<group>";
		};
		8B2D8DE629291D890089F86D /* Suportive Files */ = {
			isa = PBXGroup;
			children = (
				8B2D8DD229291AA00089F86D /* AppDelegate.swift */,
				8B2D8DD429291AA00089F86D /* SceneDelegate.swift */,
				8B2D8DDD29291AA60089F86D /* LaunchScreen.storyboard */,
			);
			path = "Suportive Files";
			sourceTree = "<group>";
		};
		8B2D8DE729291DE20089F86D /* Scenes */ = {
			isa = PBXGroup;
			children = (
				8B2D8DD629291AA00089F86D /* PageHomeViewController.swift */,
				8BF445ED293399F7009694CC /* MovieDetailsViewController.swift */,
			);
			path = Scenes;
			sourceTree = "<group>";
		};
		8B2D8DE829291DF60089F86D /* View */ = {
			isa = PBXGroup;
			children = (
				8C188C2A2A9F025C00B94A81 /* Movie */,
				8C188C292A9F024500B94A81 /* Home */,
			);
			path = View;
			sourceTree = "<group>";
		};
		8B2D8DE929291DFD0089F86D /* Model */ = {
			isa = PBXGroup;
			children = (
				8B2D8DEB292925950089F86D /* Movie.swift */,
			);
			path = Model;
			sourceTree = "<group>";
		};
		8B2D8DED29292CDE0089F86D /* Extension */ = {
			isa = PBXGroup;
			children = (
				8B2D8DEE29292CFB0089F86D /* SetupViewCode+Extension.swift */,
				8B2D8DFF292A71B70089F86D /* FormatterDate+Extension.swift */,
				8B08A8C729771DAA00287FDB /* UIImagemView + Extension.swift */,
				8BB7F7A1297B55BB0076D6ED /* UIColor+Extension.swift */,
				8BB7F7A3297B56BB0076D6ED /* UIView+Extension.swift */,
				8BB7F7A5297B5BDA0076D6ED /* NSAttributedString+Extension.swift */,
			);
			path = Extension;
			sourceTree = "<group>";
		};
		8B2D8DFC292A6C8E0089F86D /* Cell */ = {
			isa = PBXGroup;
			children = (
				8B2D8DFD292A6CCE0089F86D /* MovieTableViewCell.swift */,
			);
			path = Cell;
			sourceTree = "<group>";
		};
		8C188C292A9F024500B94A81 /* Home */ = {
			isa = PBXGroup;
			children = (
				8B9132E42A6209F2003EC3B0 /* PageHomeView.swift */,
			);
			path = Home;
			sourceTree = "<group>";
		};
		8C188C2A2A9F025C00B94A81 /* Movie */ = {
			isa = PBXGroup;
			children = (
				8B9132E62A647321003EC3B0 /* MovieDetailsView.swift */,
				8B2D8DFC292A6C8E0089F86D /* Cell */,
			);
			path = Movie;
			sourceTree = "<group>";
		};
		CF52DBB46C9DAE5AE21BDA6E /* Frameworks */ = {
			isa = PBXGroup;
			children = (
				3F1552DD24A56411269A5137 /* Pods_Movie.framework */,
			);
			name = Frameworks;
			sourceTree = "<group>";
		};
		FFE91E30851D3E1D39E32ACC /* Pods */ = {
			isa = PBXGroup;
			children = (
				CA784E44F5951DFB2C6A54E4 /* Pods-Movie.debug.xcconfig */,
				F3A5BC78655C27061549EAE3 /* Pods-Movie.release.xcconfig */,
			);
			path = Pods;
			sourceTree = "<group>";
		};
/* End PBXGroup section */

/* Begin PBXNativeTarget section */
		8B2D8DCE29291AA00089F86D /* Movie */ = {
			isa = PBXNativeTarget;
			buildConfigurationList = 8B2D8DE329291AA60089F86D /* Build configuration list for PBXNativeTarget "Movie" */;
			buildPhases = (
				183EF80EE69BCA0403EAD0D4 /* [CP] Check Pods Manifest.lock */,
				8B2D8DCB29291AA00089F86D /* Sources */,
				8B2D8DCC29291AA00089F86D /* Frameworks */,
				8B2D8DCD29291AA00089F86D /* Resources */,
				4CF8C6A2677E3755E82F52A0 /* [CP] Embed Pods Frameworks */,
			);
			buildRules = (
			);
			dependencies = (
			);
			name = Movie;
			productName = Movie;
			productReference = 8B2D8DCF29291AA00089F86D /* Movie.app */;
			productType = "com.apple.product-type.application";
		};
/* End PBXNativeTarget section */

/* Begin PBXProject section */
		8B2D8DC729291AA00089F86D /* Project object */ = {
			isa = PBXProject;
			attributes = {
				BuildIndependentTargetsInParallel = 1;
				LastSwiftUpdateCheck = 1400;
				LastUpgradeCheck = 1400;
				TargetAttributes = {
					8B2D8DCE29291AA00089F86D = {
						CreatedOnToolsVersion = 14.0;
					};
				};
			};
			buildConfigurationList = 8B2D8DCA29291AA00089F86D /* Build configuration list for PBXProject "Movie" */;
			compatibilityVersion = "Xcode 14.0";
			developmentRegion = en;
			hasScannedForEncodings = 0;
			knownRegions = (
				en,
				Base,
			);
			mainGroup = 8B2D8DC629291AA00089F86D;
			productRefGroup = 8B2D8DD029291AA00089F86D /* Products */;
			projectDirPath = "";
			projectRoot = "";
			targets = (
				8B2D8DCE29291AA00089F86D /* Movie */,
			);
		};
/* End PBXProject section */

/* Begin PBXResourcesBuildPhase section */
		8B2D8DCD29291AA00089F86D /* Resources */ = {
			isa = PBXResourcesBuildPhase;
			buildActionMask = 2147483647;
			files = (
				8B08A8C529760DCB00287FDB /* Keys.plist in Resources */,
				8B2D8DDF29291AA60089F86D /* LaunchScreen.storyboard in Resources */,
				8B2D8DDC29291AA60089F86D /* Assets.xcassets in Resources */,
			);
			runOnlyForDeploymentPostprocessing = 0;
		};
/* End PBXResourcesBuildPhase section */

/* Begin PBXShellScriptBuildPhase section */
		183EF80EE69BCA0403EAD0D4 /* [CP] Check Pods Manifest.lock */ = {
			isa = PBXShellScriptBuildPhase;
			buildActionMask = 2147483647;
			files = (
			);
			inputFileListPaths = (
			);
			inputPaths = (
				"${PODS_PODFILE_DIR_PATH}/Podfile.lock",
				"${PODS_ROOT}/Manifest.lock",
			);
			name = "[CP] Check Pods Manifest.lock";
			outputFileListPaths = (
			);
			outputPaths = (
				"$(DERIVED_FILE_DIR)/Pods-Movie-checkManifestLockResult.txt",
			);
			runOnlyForDeploymentPostprocessing = 0;
			shellPath = /bin/sh;
			shellScript = "diff \"${PODS_PODFILE_DIR_PATH}/Podfile.lock\" \"${PODS_ROOT}/Manifest.lock\" > /dev/null\nif [ $? != 0 ] ; then\n    # print error to STDERR\n    echo \"error: The sandbox is not in sync with the Podfile.lock. Run 'pod install' or update your CocoaPods installation.\" >&2\n    exit 1\nfi\n# This output is used by Xcode 'outputs' to avoid re-running this script phase.\necho \"SUCCESS\" > \"${SCRIPT_OUTPUT_FILE_0}\"\n";
			showEnvVarsInLog = 0;
		};
		4CF8C6A2677E3755E82F52A0 /* [CP] Embed Pods Frameworks */ = {
			isa = PBXShellScriptBuildPhase;
			buildActionMask = 2147483647;
			files = (
			);
			inputFileListPaths = (
				"${PODS_ROOT}/Target Support Files/Pods-Movie/Pods-Movie-frameworks-${CONFIGURATION}-input-files.xcfilelist",
			);
			name = "[CP] Embed Pods Frameworks";
			outputFileListPaths = (
				"${PODS_ROOT}/Target Support Files/Pods-Movie/Pods-Movie-frameworks-${CONFIGURATION}-output-files.xcfilelist",
			);
			runOnlyForDeploymentPostprocessing = 0;
			shellPath = /bin/sh;
			shellScript = "\"${PODS_ROOT}/Target Support Files/Pods-Movie/Pods-Movie-frameworks.sh\"\n";
			showEnvVarsInLog = 0;
		};
/* End PBXShellScriptBuildPhase section */

/* Begin PBXSourcesBuildPhase section */
		8B2D8DCB29291AA00089F86D /* Sources */ = {
			isa = PBXSourcesBuildPhase;
			buildActionMask = 2147483647;
			files = (
				8B08A8C829771DAA00287FDB /* UIImagemView + Extension.swift in Sources */,
				8B2D8DD729291AA00089F86D /* PageHomeViewController.swift in Sources */,
				8B2D8E00292A71B70089F86D /* FormatterDate+Extension.swift in Sources */,
				8BB7F7A2297B55BB0076D6ED /* UIColor+Extension.swift in Sources */,
				8BF445EE293399F7009694CC /* MovieDetailsViewController.swift in Sources */,
				8B2D8DD329291AA00089F86D /* AppDelegate.swift in Sources */,
				8BB7F7A6297B5BDA0076D6ED /* NSAttributedString+Extension.swift in Sources */,
				8BB7F7A4297B56BB0076D6ED /* UIView+Extension.swift in Sources */,
				8BF58ED5292C1FA70074F69C /* Network.swift in Sources */,
				8B9132E72A647321003EC3B0 /* MovieDetailsView.swift in Sources */,
				8B9132E52A6209F2003EC3B0 /* PageHomeView.swift in Sources */,
				8B2D8DFE292A6CCF0089F86D /* MovieTableViewCell.swift in Sources */,
				8B2D8DEC292925950089F86D /* Movie.swift in Sources */,
				8B2D8DEF29292CFB0089F86D /* SetupViewCode+Extension.swift in Sources */,
				8B2D8DD529291AA00089F86D /* SceneDelegate.swift in Sources */,
			);
			runOnlyForDeploymentPostprocessing = 0;
		};
/* End PBXSourcesBuildPhase section */

/* Begin PBXVariantGroup section */
		8B2D8DDD29291AA60089F86D /* LaunchScreen.storyboard */ = {
			isa = PBXVariantGroup;
			children = (
				8B2D8DDE29291AA60089F86D /* Base */,
			);
			name = LaunchScreen.storyboard;
			sourceTree = "<group>";
		};
/* End PBXVariantGroup section */

/* Begin XCBuildConfiguration section */
		8B2D8DE129291AA60089F86D /* Debug */ = {
			isa = XCBuildConfiguration;
			buildSettings = {
				ALWAYS_SEARCH_USER_PATHS = NO;
				CLANG_ANALYZER_NONNULL = YES;
				CLANG_ANALYZER_NUMBER_OBJECT_CONVERSION = YES_AGGRESSIVE;
				CLANG_CXX_LANGUAGE_STANDARD = "gnu++20";
				CLANG_ENABLE_MODULES = YES;
				CLANG_ENABLE_OBJC_ARC = YES;
				CLANG_ENABLE_OBJC_WEAK = YES;
				CLANG_WARN_BLOCK_CAPTURE_AUTORELEASING = YES;
				CLANG_WARN_BOOL_CONVERSION = YES;
				CLANG_WARN_COMMA = YES;
				CLANG_WARN_CONSTANT_CONVERSION = YES;
				CLANG_WARN_DEPRECATED_OBJC_IMPLEMENTATIONS = YES;
				CLANG_WARN_DIRECT_OBJC_ISA_USAGE = YES_ERROR;
				CLANG_WARN_DOCUMENTATION_COMMENTS = YES;
				CLANG_WARN_EMPTY_BODY = YES;
				CLANG_WARN_ENUM_CONVERSION = YES;
				CLANG_WARN_INFINITE_RECURSION = YES;
				CLANG_WARN_INT_CONVERSION = YES;
				CLANG_WARN_NON_LITERAL_NULL_CONVERSION = YES;
				CLANG_WARN_OBJC_IMPLICIT_RETAIN_SELF = YES;
				CLANG_WARN_OBJC_LITERAL_CONVERSION = YES;
				CLANG_WARN_OBJC_ROOT_CLASS = YES_ERROR;
				CLANG_WARN_QUOTED_INCLUDE_IN_FRAMEWORK_HEADER = YES;
				CLANG_WARN_RANGE_LOOP_ANALYSIS = YES;
				CLANG_WARN_STRICT_PROTOTYPES = YES;
				CLANG_WARN_SUSPICIOUS_MOVE = YES;
				CLANG_WARN_UNGUARDED_AVAILABILITY = YES_AGGRESSIVE;
				CLANG_WARN_UNREACHABLE_CODE = YES;
				CLANG_WARN__DUPLICATE_METHOD_MATCH = YES;
				COPY_PHASE_STRIP = NO;
				DEBUG_INFORMATION_FORMAT = dwarf;
				ENABLE_STRICT_OBJC_MSGSEND = YES;
				ENABLE_TESTABILITY = YES;
				GCC_C_LANGUAGE_STANDARD = gnu11;
				GCC_DYNAMIC_NO_PIC = NO;
				GCC_NO_COMMON_BLOCKS = YES;
				GCC_OPTIMIZATION_LEVEL = 0;
				GCC_PREPROCESSOR_DEFINITIONS = (
					"DEBUG=1",
					"$(inherited)",
				);
				GCC_WARN_64_TO_32_BIT_CONVERSION = YES;
				GCC_WARN_ABOUT_RETURN_TYPE = YES_ERROR;
				GCC_WARN_UNDECLARED_SELECTOR = YES;
				GCC_WARN_UNINITIALIZED_AUTOS = YES_AGGRESSIVE;
				GCC_WARN_UNUSED_FUNCTION = YES;
				GCC_WARN_UNUSED_VARIABLE = YES;
				IPHONEOS_DEPLOYMENT_TARGET = 16.0;
				MTL_ENABLE_DEBUG_INFO = INCLUDE_SOURCE;
				MTL_FAST_MATH = YES;
				ONLY_ACTIVE_ARCH = YES;
				SDKROOT = iphoneos;
				SWIFT_ACTIVE_COMPILATION_CONDITIONS = DEBUG;
				SWIFT_OPTIMIZATION_LEVEL = "-Onone";
			};
			name = Debug;
		};
		8B2D8DE229291AA60089F86D /* Release */ = {
			isa = XCBuildConfiguration;
			buildSettings = {
				ALWAYS_SEARCH_USER_PATHS = NO;
				CLANG_ANALYZER_NONNULL = YES;
				CLANG_ANALYZER_NUMBER_OBJECT_CONVERSION = YES_AGGRESSIVE;
				CLANG_CXX_LANGUAGE_STANDARD = "gnu++20";
				CLANG_ENABLE_MODULES = YES;
				CLANG_ENABLE_OBJC_ARC = YES;
				CLANG_ENABLE_OBJC_WEAK = YES;
				CLANG_WARN_BLOCK_CAPTURE_AUTORELEASING = YES;
				CLANG_WARN_BOOL_CONVERSION = YES;
				CLANG_WARN_COMMA = YES;
				CLANG_WARN_CONSTANT_CONVERSION = YES;
				CLANG_WARN_DEPRECATED_OBJC_IMPLEMENTATIONS = YES;
				CLANG_WARN_DIRECT_OBJC_ISA_USAGE = YES_ERROR;
				CLANG_WARN_DOCUMENTATION_COMMENTS = YES;
				CLANG_WARN_EMPTY_BODY = YES;
				CLANG_WARN_ENUM_CONVERSION = YES;
				CLANG_WARN_INFINITE_RECURSION = YES;
				CLANG_WARN_INT_CONVERSION = YES;
				CLANG_WARN_NON_LITERAL_NULL_CONVERSION = YES;
				CLANG_WARN_OBJC_IMPLICIT_RETAIN_SELF = YES;
				CLANG_WARN_OBJC_LITERAL_CONVERSION = YES;
				CLANG_WARN_OBJC_ROOT_CLASS = YES_ERROR;
				CLANG_WARN_QUOTED_INCLUDE_IN_FRAMEWORK_HEADER = YES;
				CLANG_WARN_RANGE_LOOP_ANALYSIS = YES;
				CLANG_WARN_STRICT_PROTOTYPES = YES;
				CLANG_WARN_SUSPICIOUS_MOVE = YES;
				CLANG_WARN_UNGUARDED_AVAILABILITY = YES_AGGRESSIVE;
				CLANG_WARN_UNREACHABLE_CODE = YES;
				CLANG_WARN__DUPLICATE_METHOD_MATCH = YES;
				COPY_PHASE_STRIP = NO;
				DEBUG_INFORMATION_FORMAT = "dwarf-with-dsym";
				ENABLE_NS_ASSERTIONS = NO;
				ENABLE_STRICT_OBJC_MSGSEND = YES;
				GCC_C_LANGUAGE_STANDARD = gnu11;
				GCC_NO_COMMON_BLOCKS = YES;
				GCC_WARN_64_TO_32_BIT_CONVERSION = YES;
				GCC_WARN_ABOUT_RETURN_TYPE = YES_ERROR;
				GCC_WARN_UNDECLARED_SELECTOR = YES;
				GCC_WARN_UNINITIALIZED_AUTOS = YES_AGGRESSIVE;
				GCC_WARN_UNUSED_FUNCTION = YES;
				GCC_WARN_UNUSED_VARIABLE = YES;
				IPHONEOS_DEPLOYMENT_TARGET = 16.0;
				MTL_ENABLE_DEBUG_INFO = NO;
				MTL_FAST_MATH = YES;
				SDKROOT = iphoneos;
				SWIFT_COMPILATION_MODE = wholemodule;
				SWIFT_OPTIMIZATION_LEVEL = "-O";
				VALIDATE_PRODUCT = YES;
			};
			name = Release;
		};
		8B2D8DE429291AA60089F86D /* Debug */ = {
			isa = XCBuildConfiguration;
			baseConfigurationReference = CA784E44F5951DFB2C6A54E4 /* Pods-Movie.debug.xcconfig */;
			buildSettings = {
				ASSETCATALOG_COMPILER_APPICON_NAME = AppIcon;
				ASSETCATALOG_COMPILER_GLOBAL_ACCENT_COLOR_NAME = AccentColor;
				CODE_SIGN_STYLE = Automatic;
				CURRENT_PROJECT_VERSION = 1;
				DEVELOPMENT_TEAM = P35N68RMVQ;
				GENERATE_INFOPLIST_FILE = YES;
				INFOPLIST_FILE = Movie/Info.plist;
				INFOPLIST_KEY_UIApplicationSupportsIndirectInputEvents = YES;
				INFOPLIST_KEY_UILaunchStoryboardName = LaunchScreen;
				INFOPLIST_KEY_UIMainStoryboardFile = "";
				INFOPLIST_KEY_UISupportedInterfaceOrientations_iPad = "UIInterfaceOrientationPortrait UIInterfaceOrientationPortraitUpsideDown UIInterfaceOrientationLandscapeLeft UIInterfaceOrientationLandscapeRight";
				INFOPLIST_KEY_UISupportedInterfaceOrientations_iPhone = "UIInterfaceOrientationPortrait UIInterfaceOrientationLandscapeLeft UIInterfaceOrientationLandscapeRight";
				LD_RUNPATH_SEARCH_PATHS = (
					"$(inherited)",
					"@executable_path/Frameworks",
				);
				MARKETING_VERSION = 1.0;
				PRODUCT_BUNDLE_IDENTIFIER = br.com.raline.Movie;
				PRODUCT_NAME = "$(TARGET_NAME)";
				SWIFT_EMIT_LOC_STRINGS = YES;
				SWIFT_VERSION = 5.0;
				TARGETED_DEVICE_FAMILY = "1,2";
			};
			name = Debug;
		};
		8B2D8DE529291AA60089F86D /* Release */ = {
			isa = XCBuildConfiguration;
			baseConfigurationReference = F3A5BC78655C27061549EAE3 /* Pods-Movie.release.xcconfig */;
			buildSettings = {
				ASSETCATALOG_COMPILER_APPICON_NAME = AppIcon;
				ASSETCATALOG_COMPILER_GLOBAL_ACCENT_COLOR_NAME = AccentColor;
				CODE_SIGN_STYLE = Automatic;
				CURRENT_PROJECT_VERSION = 1;
				DEVELOPMENT_TEAM = P35N68RMVQ;
				GENERATE_INFOPLIST_FILE = YES;
				INFOPLIST_FILE = Movie/Info.plist;
				INFOPLIST_KEY_UIApplicationSupportsIndirectInputEvents = YES;
				INFOPLIST_KEY_UILaunchStoryboardName = LaunchScreen;
				INFOPLIST_KEY_UIMainStoryboardFile = "";
				INFOPLIST_KEY_UISupportedInterfaceOrientations_iPad = "UIInterfaceOrientationPortrait UIInterfaceOrientationPortraitUpsideDown UIInterfaceOrientationLandscapeLeft UIInterfaceOrientationLandscapeRight";
				INFOPLIST_KEY_UISupportedInterfaceOrientations_iPhone = "UIInterfaceOrientationPortrait UIInterfaceOrientationLandscapeLeft UIInterfaceOrientationLandscapeRight";
				LD_RUNPATH_SEARCH_PATHS = (
					"$(inherited)",
					"@executable_path/Frameworks",
				);
				MARKETING_VERSION = 1.0;
				PRODUCT_BUNDLE_IDENTIFIER = br.com.raline.Movie;
				PRODUCT_NAME = "$(TARGET_NAME)";
				SWIFT_EMIT_LOC_STRINGS = YES;
				SWIFT_VERSION = 5.0;
				TARGETED_DEVICE_FAMILY = "1,2";
			};
			name = Release;
		};
/* End XCBuildConfiguration section */

/* Begin XCConfigurationList section */
		8B2D8DCA29291AA00089F86D /* Build configuration list for PBXProject "Movie" */ = {
			isa = XCConfigurationList;
			buildConfigurations = (
				8B2D8DE129291AA60089F86D /* Debug */,
				8B2D8DE229291AA60089F86D /* Release */,
			);
			defaultConfigurationIsVisible = 0;
			defaultConfigurationName = Release;
		};
		8B2D8DE329291AA60089F86D /* Build configuration list for PBXNativeTarget "Movie" */ = {
			isa = XCConfigurationList;
			buildConfigurations = (
				8B2D8DE429291AA60089F86D /* Debug */,
				8B2D8DE529291AA60089F86D /* Release */,
			);
			defaultConfigurationIsVisible = 0;
			defaultConfigurationName = Release;
		};
/* End XCConfigurationList section */
	};
	rootObject = 8B2D8DC729291AA00089F86D /* Project object */;
}
